
Microsoft Visual Studio Solution File, Format Version 12.00
# Visual Studio Version 16
VisualStudioVersion = 16.0.31005.135
MinimumVisualStudioVersion = 10.0.40219.1
Project("{FAE04EC0-301F-11D3-BF4B-00C04F79EFBC}") = "WpfApp1", "WpfApp1\WpfApp1.csproj", "{2638DE0C-230E-4DAA-B8A1-A2BDF58F8156}"
EndProject
Global
	GlobalSection(SolutionConfigurationPlatforms) = preSolution
		Debug|Any CPU = Debug|Any CPU
		Release|Any CPU = Release|Any CPU
	EndGlobalSection
	GlobalSection(ProjectConfigurationPlatforms) = postSolution
		{2638DE0C-230E-4DAA-B8A1-A2BDF58F8156}.Debug|Any CPU.ActiveCfg = Debug|Any CPU
		{2638DE0C-230E-4DAA-B8A1-A2BDF58F8156}.Debug|Any CPU.Build.0 = Debug|Any CPU
		{2638DE0C-230E-4DAA-B8A1-A2BDF58F8156}.Release|Any CPU.ActiveCfg = Release|Any CPU
		{2638DE0C-230E-4DAA-B8A1-A2BDF58F8156}.Release|Any CPU.Build.0 = Release|Any CPU
	EndGlobalSection
	GlobalSection(SolutionProperties) = preSolution
		HideSolutionNode = FALSE
	EndGlobalSection
	GlobalSection(ExtensibilityGlobals) = postSolution
		SolutionGuid = {91295E54-B3AA-4ED8-B81D-3F70FE205144}
	EndGlobalSection
EndGlobal
